
Microsoft Visual Studio Solution File, Format Version 12.00
# Visual Studio Version 17
VisualStudioVersion = 17.2.32505.173
MinimumVisualStudioVersion = 10.0.40219.1
Project("{2150E333-8FDC-42A3-9474-1A3956D46DE8}") = "1 - Application and Presentation", "1 - Application and Presentation", "{4FD660DE-C477-4D22-9FB7-26D2B13872A4}"
EndProject
Project("{2150E333-8FDC-42A3-9474-1A3956D46DE8}") = "2 - Infrastructure", "2 - Infrastructure", "{6A20B60F-82C5-41F4-BC2B-1FE3967EECC6}"
EndProject
Project("{2150E333-8FDC-42A3-9474-1A3956D46DE8}") = "3 - Services", "3 - Services", "{E5AE7BCF-B5D2-45F8-B203-A450327A26B8}"
EndProject
Project("{2150E333-8FDC-42A3-9474-1A3956D46DE8}") = "4 - Domain", "4 - Domain", "{7CCF6B63-9880-49E3-BBCE-162266387EE3}"
EndProject
Project("{2150E333-8FDC-42A3-9474-1A3956D46DE8}") = "5 - Presentation (not yet used)", "5 - Presentation (not yet used)", "{DE80DA8A-A530-495E-9BD4-8701B7DB7939}"
EndProject
Project("{9A19103F-16F7-4668-BE54-9A1E7A4F7556}") = "Doodle.Domain", "4 - Domain\Doodle.Domain\Doodle.Domain.csproj", "{7120D70A-5614-42C3-BC2B-620D89C4EA4B}"
EndProject
Project("{9A19103F-16F7-4668-BE54-9A1E7A4F7556}") = "Doodle.Services", "3 - Services\Doodle.Services\Doodle.Services.csproj", "{9A25E36C-B8CB-4B60-838B-EC22982F1344}"
EndProject
Project("{9A19103F-16F7-4668-BE54-9A1E7A4F7556}") = "Doodle.Infrastructure.Security", "2 - Infrastructure\Doodle.Infrastructure.Security\Doodle.Infrastructure.Security.csproj", "{88C14446-3966-481A-9BC3-F7CADB02CDBE}"
EndProject
Project("{9A19103F-16F7-4668-BE54-9A1E7A4F7556}") = "Doodle.Api", "1 - Application and Presentation\Doodle.Api\Doodle.Api.csproj", "{0BB4562E-CE56-476B-96B5-BDE5075BA126}"
EndProject
Project("{9A19103F-16F7-4668-BE54-9A1E7A4F7556}") = "Doodle.Presentation", "5 - Presentation (not yet used)\Doodle.Presentation\Doodle.Presentation.csproj", "{739BB4EA-6436-4FC3-A230-65FF59D4FEFF}"
EndProject
Project("{9A19103F-16F7-4668-BE54-9A1E7A4F7556}") = "Doodle.Api.Auth", "1 - Application and Presentation\Doodle.Api.Auth\Doodle.Api.Auth.csproj", "{E9233EAC-3FBC-4E2C-9324-A85ABB900D3E}"
EndProject
Project("{9A19103F-16F7-4668-BE54-9A1E7A4F7556}") = "Doodle.Infrastructure.Repository.Auth", "2 - Infrastructure\Doodle.Infrastructure.Repository.Auth\Doodle.Infrastructure.Repository.Auth.csproj", "{4B020254-2EC2-44F2-ADFD-742B527AFF72}"
EndProject
Project("{FAE04EC0-301F-11D3-BF4B-00C04F79EFBC}") = "Doodle.Infrastructure.Repository", "2 - Infrastructure\Doodle.Infrastructure.Repository\Doodle.Infrastructure.Repository.csproj", "{8F8C1979-49BE-442C-B19A-BA66A2B67DFD}"
EndProject
Global
	GlobalSection(SolutionConfigurationPlatforms) = preSolution
		Debug|Any CPU = Debug|Any CPU
		Release|Any CPU = Release|Any CPU
	EndGlobalSection
	GlobalSection(ProjectConfigurationPlatforms) = postSolution
		{7120D70A-5614-42C3-BC2B-620D89C4EA4B}.Debug|Any CPU.ActiveCfg = Debug|Any CPU
		{7120D70A-5614-42C3-BC2B-620D89C4EA4B}.Debug|Any CPU.Build.0 = Debug|Any CPU
		{7120D70A-5614-42C3-BC2B-620D89C4EA4B}.Release|Any CPU.ActiveCfg = Release|Any CPU
		{7120D70A-5614-42C3-BC2B-620D89C4EA4B}.Release|Any CPU.Build.0 = Release|Any CPU
		{9A25E36C-B8CB-4B60-838B-EC22982F1344}.Debug|Any CPU.ActiveCfg = Debug|Any CPU
		{9A25E36C-B8CB-4B60-838B-EC22982F1344}.Debug|Any CPU.Build.0 = Debug|Any CPU
		{9A25E36C-B8CB-4B60-838B-EC22982F1344}.Release|Any CPU.ActiveCfg = Release|Any CPU
		{9A25E36C-B8CB-4B60-838B-EC22982F1344}.Release|Any CPU.Build.0 = Release|Any CPU
		{88C14446-3966-481A-9BC3-F7CADB02CDBE}.Debug|Any CPU.ActiveCfg = Debug|Any CPU
		{88C14446-3966-481A-9BC3-F7CADB02CDBE}.Debug|Any CPU.Build.0 = Debug|Any CPU
		{88C14446-3966-481A-9BC3-F7CADB02CDBE}.Release|Any CPU.ActiveCfg = Release|Any CPU
		{88C14446-3966-481A-9BC3-F7CADB02CDBE}.Release|Any CPU.Build.0 = Release|Any CPU
		{0BB4562E-CE56-476B-96B5-BDE5075BA126}.Debug|Any CPU.ActiveCfg = Debug|Any CPU
		{0BB4562E-CE56-476B-96B5-BDE5075BA126}.Debug|Any CPU.Build.0 = Debug|Any CPU
		{0BB4562E-CE56-476B-96B5-BDE5075BA126}.Release|Any CPU.ActiveCfg = Release|Any CPU
		{0BB4562E-CE56-476B-96B5-BDE5075BA126}.Release|Any CPU.Build.0 = Release|Any CPU
		{739BB4EA-6436-4FC3-A230-65FF59D4FEFF}.Debug|Any CPU.ActiveCfg = Debug|Any CPU
		{739BB4EA-6436-4FC3-A230-65FF59D4FEFF}.Debug|Any CPU.Build.0 = Debug|Any CPU
		{739BB4EA-6436-4FC3-A230-65FF59D4FEFF}.Release|Any CPU.ActiveCfg = Release|Any CPU
		{739BB4EA-6436-4FC3-A230-65FF59D4FEFF}.Release|Any CPU.Build.0 = Release|Any CPU
		{E9233EAC-3FBC-4E2C-9324-A85ABB900D3E}.Debug|Any CPU.ActiveCfg = Debug|Any CPU
		{E9233EAC-3FBC-4E2C-9324-A85ABB900D3E}.Debug|Any CPU.Build.0 = Debug|Any CPU
		{E9233EAC-3FBC-4E2C-9324-A85ABB900D3E}.Release|Any CPU.ActiveCfg = Release|Any CPU
		{E9233EAC-3FBC-4E2C-9324-A85ABB900D3E}.Release|Any CPU.Build.0 = Release|Any CPU
		{4B020254-2EC2-44F2-ADFD-742B527AFF72}.Debug|Any CPU.ActiveCfg = Debug|Any CPU
		{4B020254-2EC2-44F2-ADFD-742B527AFF72}.Debug|Any CPU.Build.0 = Debug|Any CPU
		{4B020254-2EC2-44F2-ADFD-742B527AFF72}.Release|Any CPU.ActiveCfg = Release|Any CPU
		{4B020254-2EC2-44F2-ADFD-742B527AFF72}.Release|Any CPU.Build.0 = Release|Any CPU
		{8F8C1979-49BE-442C-B19A-BA66A2B67DFD}.Debug|Any CPU.ActiveCfg = Debug|Any CPU
		{8F8C1979-49BE-442C-B19A-BA66A2B67DFD}.Debug|Any CPU.Build.0 = Debug|Any CPU
		{8F8C1979-49BE-442C-B19A-BA66A2B67DFD}.Release|Any CPU.ActiveCfg = Release|Any CPU
		{8F8C1979-49BE-442C-B19A-BA66A2B67DFD}.Release|Any CPU.Build.0 = Release|Any CPU
	EndGlobalSection
	GlobalSection(SolutionProperties) = preSolution
		HideSolutionNode = FALSE
	EndGlobalSection
	GlobalSection(NestedProjects) = preSolution
		{7120D70A-5614-42C3-BC2B-620D89C4EA4B} = {7CCF6B63-9880-49E3-BBCE-162266387EE3}
		{9A25E36C-B8CB-4B60-838B-EC22982F1344} = {E5AE7BCF-B5D2-45F8-B203-A450327A26B8}
		{88C14446-3966-481A-9BC3-F7CADB02CDBE} = {6A20B60F-82C5-41F4-BC2B-1FE3967EECC6}
		{0BB4562E-CE56-476B-96B5-BDE5075BA126} = {4FD660DE-C477-4D22-9FB7-26D2B13872A4}
		{739BB4EA-6436-4FC3-A230-65FF59D4FEFF} = {DE80DA8A-A530-495E-9BD4-8701B7DB7939}
		{E9233EAC-3FBC-4E2C-9324-A85ABB900D3E} = {4FD660DE-C477-4D22-9FB7-26D2B13872A4}
		{4B020254-2EC2-44F2-ADFD-742B527AFF72} = {6A20B60F-82C5-41F4-BC2B-1FE3967EECC6}
		{8F8C1979-49BE-442C-B19A-BA66A2B67DFD} = {6A20B60F-82C5-41F4-BC2B-1FE3967EECC6}
	EndGlobalSection
	GlobalSection(ExtensibilityGlobals) = postSolution
		SolutionGuid = {1757F602-FEC3-4FC4-BAA2-9D05683BA087}
	EndGlobalSection
EndGlobal
